
Microsoft Visual Studio Solution File, Format Version 12.00
# Visual Studio Version 17
VisualStudioVersion = 17.7.34003.232
MinimumVisualStudioVersion = 10.0.40219.1
Project("{FAE04EC0-301F-11D3-BF4B-00C04F79EFBC}") = "BtFinder2.0", "BtFinder2.0.csproj", "{6749336C-69D3-4746-BC06-529982C986CA}"
EndProject
Global
	GlobalSection(SolutionConfigurationPlatforms) = preSolution
		Debug|Any CPU = Debug|Any CPU
		Release|Any CPU = Release|Any CPU
	EndGlobalSection
	GlobalSection(ProjectConfigurationPlatforms) = postSolution
		{6749336C-69D3-4746-BC06-529982C986CA}.Debug|Any CPU.ActiveCfg = Debug|Any CPU
		{6749336C-69D3-4746-BC06-529982C986CA}.Debug|Any CPU.Build.0 = Debug|Any CPU
		{6749336C-69D3-4746-BC06-529982C986CA}.Release|Any CPU.ActiveCfg = Release|Any CPU
		{6749336C-69D3-4746-BC06-529982C986CA}.Release|Any CPU.Build.0 = Release|Any CPU
	EndGlobalSection
	GlobalSection(SolutionProperties) = preSolution
		HideSolutionNode = FALSE
	EndGlobalSection
	GlobalSection(ExtensibilityGlobals) = postSolution
		SolutionGuid = {6F66397E-49F6-4F94-B1BC-8A6B6248761A}
	EndGlobalSection
EndGlobal
